
Microsoft Visual Studio Solution File, Format Version 12.00
# Visual Studio 14
VisualStudioVersion = 14.0.25420.1
MinimumVisualStudioVersion = 10.0.40219.1
Project("{FAE04EC0-301F-11D3-BF4B-00C04F79EFBC}") = "TimeConvertor", "TimeConvertor\TimeConvertor.csproj", "{C081842B-156A-4F08-BD5F-F561AD2B37C9}"
EndProject
Project("{FAE04EC0-301F-11D3-BF4B-00C04F79EFBC}") = "LazyProfessor", "LazyProfessor\LazyProfessor.csproj", "{6E44BAEB-799B-4C09-AE64-C6F6F570FBB4}"
EndProject
Project("{FAE04EC0-301F-11D3-BF4B-00C04F79EFBC}") = "IndeedTest1", "IndeedTest1\IndeedTest1.csproj", "{272DF743-31CC-48F1-A87C-84BC08640650}"
EndProject
Project("{FAE04EC0-301F-11D3-BF4B-00C04F79EFBC}") = "Sherlock_And_The_Beast", "Sherlock_And_The_Beast\Sherlock_And_The_Beast.csproj", "{818D0D46-BCA7-4F28-8B25-6444960A1891}"
EndProject
Project("{FAE04EC0-301F-11D3-BF4B-00C04F79EFBC}") = "Sherlock and the beast tests", "Sherlock and the beast tests\Sherlock and the beast tests.csproj", "{4C5BAE52-4721-4EEA-AE78-57951AAE5054}"
EndProject
Project("{8BC9CEB8-8B4A-11D0-8D11-00A0C91BC942}") = "Print_Linked_List", "Print_Linked_List\Print_Linked_List.vcxproj", "{4F2A76BB-8E88-43ED-9D20-C3FCC07E6239}"
EndProject
Project("{8BC9CEB8-8B4A-11D0-8D11-00A0C91BC942}") = "LinkedListInsert", "LinkedListInsert\LinkedListInsert.vcxproj", "{BD5512AA-AB04-470E-AC3E-FF42CE2D5378}"
EndProject
Project("{8BC9CEB8-8B4A-11D0-8D11-00A0C91BC942}") = "Trees", "Trees\Trees.vcxproj", "{B1A02087-FC5E-48B5-8E11-A34981B404BA}"
EndProject
Project("{FAE04EC0-301F-11D3-BF4B-00C04F79EFBC}") = "EscalationTest", "EscalationTest\EscalationTest.csproj", "{F87DB766-FC89-4B3C-B6D6-1E8790364991}"
EndProject
Project("{FAE04EC0-301F-11D3-BF4B-00C04F79EFBC}") = "EscalationTestTests", "EscalationTestTests\EscalationTestTests.csproj", "{DD46C860-0681-46C2-B5B8-C864B7CD7A82}"
EndProject
Project("{8BC9CEB8-8B4A-11D0-8D11-00A0C91BC942}") = "BinarySearchTree", "BinarySearchTree\BinarySearchTree.vcxproj", "{BBD4284B-8C08-4C0B-92CE-94F135057FAA}"
EndProject
Project("{8BC9CEB8-8B4A-11D0-8D11-00A0C91BC942}") = "DataStructures", "DataStructures\DataStructures.vcxproj", "{9D57E25F-F393-4282-A19A-DDE8B25E81D6}"
EndProject
Project("{8BC9CEB8-8B4A-11D0-8D11-00A0C91BC942}") = "DataStructuresTesting", "DataStructuresTesting\DataStructuresTesting.vcxproj", "{E1CF7927-53E5-4EA2-86C2-C890946D6DD7}"
EndProject
Project("{8BC9CEB8-8B4A-11D0-8D11-00A0C91BC942}") = "Truck_Tour", "Truck_Tour\Truck_Tour.vcxproj", "{E8C5D748-4BEC-4CDA-91B0-2753BB937220}"
EndProject
Project("{8BC9CEB8-8B4A-11D0-8D11-00A0C91BC942}") = "Boggle", "Boggle\Boggle.vcxproj", "{8BC94FFF-D287-4B8C-95EF-1F3F000DF973}"
EndProject
Project("{8BC9CEB8-8B4A-11D0-8D11-00A0C91BC942}") = "Preprocessor_solution", "Preprocessor_solution\Preprocessor_solution.vcxproj", "{CBAB4C60-AC5B-4ED5-AC2D-8DCA9D8AEAF2}"
EndProject
Project("{8BC9CEB8-8B4A-11D0-8D11-00A0C91BC942}") = "Operator_Overload", "Operator_Overload\Operator_Overload.vcxproj", "{A5212E06-3228-4324-B656-8D11A9733BC0}"
EndProject
Project("{8BC9CEB8-8B4A-11D0-8D11-00A0C91BC942}") = "Hackerrank_sample_test", "Hackerrank_sample_test\Hackerrank_sample_test.vcxproj", "{C87427CC-AFA7-4E57-8561-1909C16C27D3}"
EndProject
Project("{8BC9CEB8-8B4A-11D0-8D11-00A0C91BC942}") = "Hackerrank_test", "Hackerrank_test\Hackerrank_test.vcxproj", "{E18ADEA9-5F3D-434C-8661-5FC02FE7DD0F}"
EndProject
Project("{8BC9CEB8-8B4A-11D0-8D11-00A0C91BC942}") = "Rectangular_Game", "Rectangular_Game\Rectangular_Game.vcxproj", "{B93D4FF1-67BE-4327-8535-7DFD889134F8}"
EndProject
Project("{FAE04EC0-301F-11D3-BF4B-00C04F79EFBC}") = "RectangularGame2", "RectangularGame2\RectangularGame2.csproj", "{FB20E4DF-1C14-4264-8938-5D82FCEFFA49}"
EndProject
Project("{FAE04EC0-301F-11D3-BF4B-00C04F79EFBC}") = "HackerRankUtility", "HackerRankUtility\HackerRankUtility.csproj", "{2515C922-BD2E-4C51-911A-23EC5B408443}"
EndProject
Project("{FAE04EC0-301F-11D3-BF4B-00C04F79EFBC}") = "Pangrams", "Pangrams\Pangrams.csproj", "{73AA9DFB-55E0-4D0A-A865-537F66926380}"
EndProject
Project("{FAE04EC0-301F-11D3-BF4B-00C04F79EFBC}") = "CamelCase", "CamelCase\CamelCase.csproj", "{3D9F5574-AE48-480F-B55B-58CAF498554B}"
EndProject
Project("{FAE04EC0-301F-11D3-BF4B-00C04F79EFBC}") = "zigzag_array", "zigzag_array\zigzag_array.csproj", "{7C7135E1-46AF-4DB2-AD81-972FB6D52FAD}"
EndProject
Project("{FAE04EC0-301F-11D3-BF4B-00C04F79EFBC}") = "LonelyInteger", "LonelyInteger\LonelyInteger.csproj", "{A5CD91E9-1160-4ED2-8E42-C1E28F60714B}"
EndProject
Project("{FAE04EC0-301F-11D3-BF4B-00C04F79EFBC}") = "MinimumClosestNumbers", "MinimumClosestNumbers\MinimumClosestNumbers.csproj", "{670656FA-5371-454D-96C7-D934CCDDE17F}"
EndProject
Project("{FAE04EC0-301F-11D3-BF4B-00C04F79EFBC}") = "PalindromeIndex", "PalindromeIndex\PalindromeIndex.csproj", "{CF6A9AD7-27D1-46BA-BE00-0F6DDBBD64DD}"
EndProject
Project("{FAE04EC0-301F-11D3-BF4B-00C04F79EFBC}") = "LeftShift", "LeftShift\LeftShift.csproj", "{1005ADBA-A813-47D1-B502-F474C3180031}"
EndProject
Project("{FAE04EC0-301F-11D3-BF4B-00C04F79EFBC}") = "Making_Anagrams", "Making_Anagrams\Making_Anagrams.csproj", "{3E3FC67E-0866-4372-84C8-54673F94AF8D}"
EndProject
Project("{8BC9CEB8-8B4A-11D0-8D11-00A0C91BC942}") = "Digit Sum", "Digit Sum\Digit Sum.vcxproj", "{3FE57EF4-D327-465F-AD17-AC41E586F458}"
EndProject
Project("{FAE04EC0-301F-11D3-BF4B-00C04F79EFBC}") = "HashTables_RansomNote", "HashTables_RansomNote\HashTables_RansomNote.csproj", "{0326800C-27B0-4436-B7E2-10ACAA6B7BB1}"
EndProject
Project("{FAE04EC0-301F-11D3-BF4B-00C04F79EFBC}") = "LinkedLists_DetectACycle", "LinkedLists_DetectACycle\LinkedLists_DetectACycle.csproj", "{B4C62DC6-404A-4C96-8D78-A22409E00229}"
EndProject
Project("{8BC9CEB8-8B4A-11D0-8D11-00A0C91BC942}") = "LinkedList_DetectACycle_CPP", "LinkedList_DetectACycle_CPP\LinkedList_DetectACycle_CPP.vcxproj", "{4D228883-9B75-483F-B5F0-5707C9DFE488}"
EndProject
Global
	GlobalSection(SolutionConfigurationPlatforms) = preSolution
		Debug|Any CPU = Debug|Any CPU
		Debug|x64 = Debug|x64
		Debug|x86 = Debug|x86
		Release|Any CPU = Release|Any CPU
		Release|x64 = Release|x64
		Release|x86 = Release|x86
	EndGlobalSection
	GlobalSection(ProjectConfigurationPlatforms) = postSolution
		{C081842B-156A-4F08-BD5F-F561AD2B37C9}.Debug|Any CPU.ActiveCfg = Debug|Any CPU
		{C081842B-156A-4F08-BD5F-F561AD2B37C9}.Debug|Any CPU.Build.0 = Debug|Any CPU
		{C081842B-156A-4F08-BD5F-F561AD2B37C9}.Debug|x64.ActiveCfg = Debug|Any CPU
		{C081842B-156A-4F08-BD5F-F561AD2B37C9}.Debug|x64.Build.0 = Debug|Any CPU
		{C081842B-156A-4F08-BD5F-F561AD2B37C9}.Debug|x86.ActiveCfg = Debug|Any CPU
		{C081842B-156A-4F08-BD5F-F561AD2B37C9}.Debug|x86.Build.0 = Debug|Any CPU
		{C081842B-156A-4F08-BD5F-F561AD2B37C9}.Release|Any CPU.ActiveCfg = Release|Any CPU
		{C081842B-156A-4F08-BD5F-F561AD2B37C9}.Release|Any CPU.Build.0 = Release|Any CPU
		{C081842B-156A-4F08-BD5F-F561AD2B37C9}.Release|x64.ActiveCfg = Release|Any CPU
		{C081842B-156A-4F08-BD5F-F561AD2B37C9}.Release|x64.Build.0 = Release|Any CPU
		{C081842B-156A-4F08-BD5F-F561AD2B37C9}.Release|x86.ActiveCfg = Release|Any CPU
		{C081842B-156A-4F08-BD5F-F561AD2B37C9}.Release|x86.Build.0 = Release|Any CPU
		{6E44BAEB-799B-4C09-AE64-C6F6F570FBB4}.Debug|Any CPU.ActiveCfg = Debug|Any CPU
		{6E44BAEB-799B-4C09-AE64-C6F6F570FBB4}.Debug|Any CPU.Build.0 = Debug|Any CPU
		{6E44BAEB-799B-4C09-AE64-C6F6F570FBB4}.Debug|x64.ActiveCfg = Debug|Any CPU
		{6E44BAEB-799B-4C09-AE64-C6F6F570FBB4}.Debug|x64.Build.0 = Debug|Any CPU
		{6E44BAEB-799B-4C09-AE64-C6F6F570FBB4}.Debug|x86.ActiveCfg = Debug|Any CPU
		{6E44BAEB-799B-4C09-AE64-C6F6F570FBB4}.Debug|x86.Build.0 = Debug|Any CPU
		{6E44BAEB-799B-4C09-AE64-C6F6F570FBB4}.Release|Any CPU.ActiveCfg = Release|Any CPU
		{6E44BAEB-799B-4C09-AE64-C6F6F570FBB4}.Release|Any CPU.Build.0 = Release|Any CPU
		{6E44BAEB-799B-4C09-AE64-C6F6F570FBB4}.Release|x64.ActiveCfg = Release|Any CPU
		{6E44BAEB-799B-4C09-AE64-C6F6F570FBB4}.Release|x64.Build.0 = Release|Any CPU
		{6E44BAEB-799B-4C09-AE64-C6F6F570FBB4}.Release|x86.ActiveCfg = Release|Any CPU
		{6E44BAEB-799B-4C09-AE64-C6F6F570FBB4}.Release|x86.Build.0 = Release|Any CPU
		{272DF743-31CC-48F1-A87C-84BC08640650}.Debug|Any CPU.ActiveCfg = Debug|Any CPU
		{272DF743-31CC-48F1-A87C-84BC08640650}.Debug|Any CPU.Build.0 = Debug|Any CPU
		{272DF743-31CC-48F1-A87C-84BC08640650}.Debug|x64.ActiveCfg = Debug|Any CPU
		{272DF743-31CC-48F1-A87C-84BC08640650}.Debug|x64.Build.0 = Debug|Any CPU
		{272DF743-31CC-48F1-A87C-84BC08640650}.Debug|x86.ActiveCfg = Debug|Any CPU
		{272DF743-31CC-48F1-A87C-84BC08640650}.Debug|x86.Build.0 = Debug|Any CPU
		{272DF743-31CC-48F1-A87C-84BC08640650}.Release|Any CPU.ActiveCfg = Release|Any CPU
		{272DF743-31CC-48F1-A87C-84BC08640650}.Release|Any CPU.Build.0 = Release|Any CPU
		{272DF743-31CC-48F1-A87C-84BC08640650}.Release|x64.ActiveCfg = Release|Any CPU
		{272DF743-31CC-48F1-A87C-84BC08640650}.Release|x64.Build.0 = Release|Any CPU
		{272DF743-31CC-48F1-A87C-84BC08640650}.Release|x86.ActiveCfg = Release|Any CPU
		{272DF743-31CC-48F1-A87C-84BC08640650}.Release|x86.Build.0 = Release|Any CPU
		{818D0D46-BCA7-4F28-8B25-6444960A1891}.Debug|Any CPU.ActiveCfg = Debug|Any CPU
		{818D0D46-BCA7-4F28-8B25-6444960A1891}.Debug|Any CPU.Build.0 = Debug|Any CPU
		{818D0D46-BCA7-4F28-8B25-6444960A1891}.Debug|x64.ActiveCfg = Debug|Any CPU
		{818D0D46-BCA7-4F28-8B25-6444960A1891}.Debug|x64.Build.0 = Debug|Any CPU
		{818D0D46-BCA7-4F28-8B25-6444960A1891}.Debug|x86.ActiveCfg = Debug|Any CPU
		{818D0D46-BCA7-4F28-8B25-6444960A1891}.Debug|x86.Build.0 = Debug|Any CPU
		{818D0D46-BCA7-4F28-8B25-6444960A1891}.Release|Any CPU.ActiveCfg = Release|Any CPU
		{818D0D46-BCA7-4F28-8B25-6444960A1891}.Release|Any CPU.Build.0 = Release|Any CPU
		{818D0D46-BCA7-4F28-8B25-6444960A1891}.Release|x64.ActiveCfg = Release|Any CPU
		{818D0D46-BCA7-4F28-8B25-6444960A1891}.Release|x64.Build.0 = Release|Any CPU
		{818D0D46-BCA7-4F28-8B25-6444960A1891}.Release|x86.ActiveCfg = Release|Any CPU
		{818D0D46-BCA7-4F28-8B25-6444960A1891}.Release|x86.Build.0 = Release|Any CPU
		{4C5BAE52-4721-4EEA-AE78-57951AAE5054}.Debug|Any CPU.ActiveCfg = Debug|Any CPU
		{4C5BAE52-4721-4EEA-AE78-57951AAE5054}.Debug|Any CPU.Build.0 = Debug|Any CPU
		{4C5BAE52-4721-4EEA-AE78-57951AAE5054}.Debug|x64.ActiveCfg = Debug|Any CPU
		{4C5BAE52-4721-4EEA-AE78-57951AAE5054}.Debug|x64.Build.0 = Debug|Any CPU
		{4C5BAE52-4721-4EEA-AE78-57951AAE5054}.Debug|x86.ActiveCfg = Debug|Any CPU
		{4C5BAE52-4721-4EEA-AE78-57951AAE5054}.Debug|x86.Build.0 = Debug|Any CPU
		{4C5BAE52-4721-4EEA-AE78-57951AAE5054}.Release|Any CPU.ActiveCfg = Release|Any CPU
		{4C5BAE52-4721-4EEA-AE78-57951AAE5054}.Release|Any CPU.Build.0 = Release|Any CPU
		{4C5BAE52-4721-4EEA-AE78-57951AAE5054}.Release|x64.ActiveCfg = Release|Any CPU
		{4C5BAE52-4721-4EEA-AE78-57951AAE5054}.Release|x64.Build.0 = Release|Any CPU
		{4C5BAE52-4721-4EEA-AE78-57951AAE5054}.Release|x86.ActiveCfg = Release|Any CPU
		{4C5BAE52-4721-4EEA-AE78-57951AAE5054}.Release|x86.Build.0 = Release|Any CPU
		{4F2A76BB-8E88-43ED-9D20-C3FCC07E6239}.Debug|Any CPU.ActiveCfg = Debug|Win32
		{4F2A76BB-8E88-43ED-9D20-C3FCC07E6239}.Debug|Any CPU.Build.0 = Debug|Win32
		{4F2A76BB-8E88-43ED-9D20-C3FCC07E6239}.Debug|x64.ActiveCfg = Debug|x64
		{4F2A76BB-8E88-43ED-9D20-C3FCC07E6239}.Debug|x64.Build.0 = Debug|x64
		{4F2A76BB-8E88-43ED-9D20-C3FCC07E6239}.Debug|x86.ActiveCfg = Debug|Win32
		{4F2A76BB-8E88-43ED-9D20-C3FCC07E6239}.Debug|x86.Build.0 = Debug|Win32
		{4F2A76BB-8E88-43ED-9D20-C3FCC07E6239}.Release|Any CPU.ActiveCfg = Release|Win32
		{4F2A76BB-8E88-43ED-9D20-C3FCC07E6239}.Release|x64.ActiveCfg = Release|x64
		{4F2A76BB-8E88-43ED-9D20-C3FCC07E6239}.Release|x64.Build.0 = Release|x64
		{4F2A76BB-8E88-43ED-9D20-C3FCC07E6239}.Release|x86.ActiveCfg = Release|Win32
		{4F2A76BB-8E88-43ED-9D20-C3FCC07E6239}.Release|x86.Build.0 = Release|Win32
		{BD5512AA-AB04-470E-AC3E-FF42CE2D5378}.Debug|Any CPU.ActiveCfg = Debug|Win32
		{BD5512AA-AB04-470E-AC3E-FF42CE2D5378}.Debug|Any CPU.Build.0 = Debug|Win32
		{BD5512AA-AB04-470E-AC3E-FF42CE2D5378}.Debug|x64.ActiveCfg = Debug|x64
		{BD5512AA-AB04-470E-AC3E-FF42CE2D5378}.Debug|x64.Build.0 = Debug|x64
		{BD5512AA-AB04-470E-AC3E-FF42CE2D5378}.Debug|x86.ActiveCfg = Debug|Win32
		{BD5512AA-AB04-470E-AC3E-FF42CE2D5378}.Debug|x86.Build.0 = Debug|Win32
		{BD5512AA-AB04-470E-AC3E-FF42CE2D5378}.Release|Any CPU.ActiveCfg = Release|Win32
		{BD5512AA-AB04-470E-AC3E-FF42CE2D5378}.Release|x64.ActiveCfg = Release|x64
		{BD5512AA-AB04-470E-AC3E-FF42CE2D5378}.Release|x64.Build.0 = Release|x64
		{BD5512AA-AB04-470E-AC3E-FF42CE2D5378}.Release|x86.ActiveCfg = Release|Win32
		{BD5512AA-AB04-470E-AC3E-FF42CE2D5378}.Release|x86.Build.0 = Release|Win32
		{B1A02087-FC5E-48B5-8E11-A34981B404BA}.Debug|Any CPU.ActiveCfg = Debug|Win32
		{B1A02087-FC5E-48B5-8E11-A34981B404BA}.Debug|Any CPU.Build.0 = Debug|Win32
		{B1A02087-FC5E-48B5-8E11-A34981B404BA}.Debug|x64.ActiveCfg = Debug|x64
		{B1A02087-FC5E-48B5-8E11-A34981B404BA}.Debug|x64.Build.0 = Debug|x64
		{B1A02087-FC5E-48B5-8E11-A34981B404BA}.Debug|x86.ActiveCfg = Debug|Win32
		{B1A02087-FC5E-48B5-8E11-A34981B404BA}.Debug|x86.Build.0 = Debug|Win32
		{B1A02087-FC5E-48B5-8E11-A34981B404BA}.Release|Any CPU.ActiveCfg = Release|Win32
		{B1A02087-FC5E-48B5-8E11-A34981B404BA}.Release|x64.ActiveCfg = Release|x64
		{B1A02087-FC5E-48B5-8E11-A34981B404BA}.Release|x64.Build.0 = Release|x64
		{B1A02087-FC5E-48B5-8E11-A34981B404BA}.Release|x86.ActiveCfg = Release|Win32
		{B1A02087-FC5E-48B5-8E11-A34981B404BA}.Release|x86.Build.0 = Release|Win32
		{F87DB766-FC89-4B3C-B6D6-1E8790364991}.Debug|Any CPU.ActiveCfg = Debug|Any CPU
		{F87DB766-FC89-4B3C-B6D6-1E8790364991}.Debug|Any CPU.Build.0 = Debug|Any CPU
		{F87DB766-FC89-4B3C-B6D6-1E8790364991}.Debug|x64.ActiveCfg = Debug|Any CPU
		{F87DB766-FC89-4B3C-B6D6-1E8790364991}.Debug|x64.Build.0 = Debug|Any CPU
		{F87DB766-FC89-4B3C-B6D6-1E8790364991}.Debug|x86.ActiveCfg = Debug|Any CPU
		{F87DB766-FC89-4B3C-B6D6-1E8790364991}.Debug|x86.Build.0 = Debug|Any CPU
		{F87DB766-FC89-4B3C-B6D6-1E8790364991}.Release|Any CPU.ActiveCfg = Release|Any CPU
		{F87DB766-FC89-4B3C-B6D6-1E8790364991}.Release|Any CPU.Build.0 = Release|Any CPU
		{F87DB766-FC89-4B3C-B6D6-1E8790364991}.Release|x64.ActiveCfg = Release|Any CPU
		{F87DB766-FC89-4B3C-B6D6-1E8790364991}.Release|x64.Build.0 = Release|Any CPU
		{F87DB766-FC89-4B3C-B6D6-1E8790364991}.Release|x86.ActiveCfg = Release|Any CPU
		{F87DB766-FC89-4B3C-B6D6-1E8790364991}.Release|x86.Build.0 = Release|Any CPU
		{DD46C860-0681-46C2-B5B8-C864B7CD7A82}.Debug|Any CPU.ActiveCfg = Debug|Any CPU
		{DD46C860-0681-46C2-B5B8-C864B7CD7A82}.Debug|Any CPU.Build.0 = Debug|Any CPU
		{DD46C860-0681-46C2-B5B8-C864B7CD7A82}.Debug|x64.ActiveCfg = Debug|Any CPU
		{DD46C860-0681-46C2-B5B8-C864B7CD7A82}.Debug|x64.Build.0 = Debug|Any CPU
		{DD46C860-0681-46C2-B5B8-C864B7CD7A82}.Debug|x86.ActiveCfg = Debug|Any CPU
		{DD46C860-0681-46C2-B5B8-C864B7CD7A82}.Debug|x86.Build.0 = Debug|Any CPU
		{DD46C860-0681-46C2-B5B8-C864B7CD7A82}.Release|Any CPU.ActiveCfg = Release|Any CPU
		{DD46C860-0681-46C2-B5B8-C864B7CD7A82}.Release|Any CPU.Build.0 = Release|Any CPU
		{DD46C860-0681-46C2-B5B8-C864B7CD7A82}.Release|x64.ActiveCfg = Release|Any CPU
		{DD46C860-0681-46C2-B5B8-C864B7CD7A82}.Release|x64.Build.0 = Release|Any CPU
		{DD46C860-0681-46C2-B5B8-C864B7CD7A82}.Release|x86.ActiveCfg = Release|Any CPU
		{DD46C860-0681-46C2-B5B8-C864B7CD7A82}.Release|x86.Build.0 = Release|Any CPU
		{BBD4284B-8C08-4C0B-92CE-94F135057FAA}.Debug|Any CPU.ActiveCfg = Debug|Win32
		{BBD4284B-8C08-4C0B-92CE-94F135057FAA}.Debug|Any CPU.Build.0 = Debug|Win32
		{BBD4284B-8C08-4C0B-92CE-94F135057FAA}.Debug|x64.ActiveCfg = Debug|x64
		{BBD4284B-8C08-4C0B-92CE-94F135057FAA}.Debug|x64.Build.0 = Debug|x64
		{BBD4284B-8C08-4C0B-92CE-94F135057FAA}.Debug|x86.ActiveCfg = Debug|Win32
		{BBD4284B-8C08-4C0B-92CE-94F135057FAA}.Debug|x86.Build.0 = Debug|Win32
		{BBD4284B-8C08-4C0B-92CE-94F135057FAA}.Release|Any CPU.ActiveCfg = Release|Win32
		{BBD4284B-8C08-4C0B-92CE-94F135057FAA}.Release|x64.ActiveCfg = Release|x64
		{BBD4284B-8C08-4C0B-92CE-94F135057FAA}.Release|x64.Build.0 = Release|x64
		{BBD4284B-8C08-4C0B-92CE-94F135057FAA}.Release|x86.ActiveCfg = Release|Win32
		{BBD4284B-8C08-4C0B-92CE-94F135057FAA}.Release|x86.Build.0 = Release|Win32
		{9D57E25F-F393-4282-A19A-DDE8B25E81D6}.Debug|Any CPU.ActiveCfg = Debug|Win32
		{9D57E25F-F393-4282-A19A-DDE8B25E81D6}.Debug|Any CPU.Build.0 = Debug|Win32
		{9D57E25F-F393-4282-A19A-DDE8B25E81D6}.Debug|x64.ActiveCfg = Debug|x64
		{9D57E25F-F393-4282-A19A-DDE8B25E81D6}.Debug|x64.Build.0 = Debug|x64
		{9D57E25F-F393-4282-A19A-DDE8B25E81D6}.Debug|x86.ActiveCfg = Debug|Win32
		{9D57E25F-F393-4282-A19A-DDE8B25E81D6}.Debug|x86.Build.0 = Debug|Win32
		{9D57E25F-F393-4282-A19A-DDE8B25E81D6}.Release|Any CPU.ActiveCfg = Release|Win32
		{9D57E25F-F393-4282-A19A-DDE8B25E81D6}.Release|x64.ActiveCfg = Release|x64
		{9D57E25F-F393-4282-A19A-DDE8B25E81D6}.Release|x64.Build.0 = Release|x64
		{9D57E25F-F393-4282-A19A-DDE8B25E81D6}.Release|x86.ActiveCfg = Release|Win32
		{9D57E25F-F393-4282-A19A-DDE8B25E81D6}.Release|x86.Build.0 = Release|Win32
		{E1CF7927-53E5-4EA2-86C2-C890946D6DD7}.Debug|Any CPU.ActiveCfg = Debug|Win32
		{E1CF7927-53E5-4EA2-86C2-C890946D6DD7}.Debug|Any CPU.Build.0 = Debug|Win32
		{E1CF7927-53E5-4EA2-86C2-C890946D6DD7}.Debug|x64.ActiveCfg = Debug|x64
		{E1CF7927-53E5-4EA2-86C2-C890946D6DD7}.Debug|x64.Build.0 = Debug|x64
		{E1CF7927-53E5-4EA2-86C2-C890946D6DD7}.Debug|x86.ActiveCfg = Debug|Win32
		{E1CF7927-53E5-4EA2-86C2-C890946D6DD7}.Debug|x86.Build.0 = Debug|Win32
		{E1CF7927-53E5-4EA2-86C2-C890946D6DD7}.Release|Any CPU.ActiveCfg = Release|Win32
		{E1CF7927-53E5-4EA2-86C2-C890946D6DD7}.Release|x64.ActiveCfg = Release|x64
		{E1CF7927-53E5-4EA2-86C2-C890946D6DD7}.Release|x64.Build.0 = Release|x64
		{E1CF7927-53E5-4EA2-86C2-C890946D6DD7}.Release|x86.ActiveCfg = Release|Win32
		{E1CF7927-53E5-4EA2-86C2-C890946D6DD7}.Release|x86.Build.0 = Release|Win32
		{E8C5D748-4BEC-4CDA-91B0-2753BB937220}.Debug|Any CPU.ActiveCfg = Debug|Win32
		{E8C5D748-4BEC-4CDA-91B0-2753BB937220}.Debug|Any CPU.Build.0 = Debug|Win32
		{E8C5D748-4BEC-4CDA-91B0-2753BB937220}.Debug|x64.ActiveCfg = Debug|x64
		{E8C5D748-4BEC-4CDA-91B0-2753BB937220}.Debug|x64.Build.0 = Debug|x64
		{E8C5D748-4BEC-4CDA-91B0-2753BB937220}.Debug|x86.ActiveCfg = Debug|Win32
		{E8C5D748-4BEC-4CDA-91B0-2753BB937220}.Debug|x86.Build.0 = Debug|Win32
		{E8C5D748-4BEC-4CDA-91B0-2753BB937220}.Release|Any CPU.ActiveCfg = Release|Win32
		{E8C5D748-4BEC-4CDA-91B0-2753BB937220}.Release|x64.ActiveCfg = Release|x64
		{E8C5D748-4BEC-4CDA-91B0-2753BB937220}.Release|x64.Build.0 = Release|x64
		{E8C5D748-4BEC-4CDA-91B0-2753BB937220}.Release|x86.ActiveCfg = Release|Win32
		{E8C5D748-4BEC-4CDA-91B0-2753BB937220}.Release|x86.Build.0 = Release|Win32
		{8BC94FFF-D287-4B8C-95EF-1F3F000DF973}.Debug|Any CPU.ActiveCfg = Debug|Win32
		{8BC94FFF-D287-4B8C-95EF-1F3F000DF973}.Debug|Any CPU.Build.0 = Debug|Win32
		{8BC94FFF-D287-4B8C-95EF-1F3F000DF973}.Debug|x64.ActiveCfg = Debug|x64
		{8BC94FFF-D287-4B8C-95EF-1F3F000DF973}.Debug|x64.Build.0 = Debug|x64
		{8BC94FFF-D287-4B8C-95EF-1F3F000DF973}.Debug|x86.ActiveCfg = Debug|Win32
		{8BC94FFF-D287-4B8C-95EF-1F3F000DF973}.Debug|x86.Build.0 = Debug|Win32
		{8BC94FFF-D287-4B8C-95EF-1F3F000DF973}.Release|Any CPU.ActiveCfg = Release|Win32
		{8BC94FFF-D287-4B8C-95EF-1F3F000DF973}.Release|x64.ActiveCfg = Release|x64
		{8BC94FFF-D287-4B8C-95EF-1F3F000DF973}.Release|x64.Build.0 = Release|x64
		{8BC94FFF-D287-4B8C-95EF-1F3F000DF973}.Release|x86.ActiveCfg = Release|Win32
		{8BC94FFF-D287-4B8C-95EF-1F3F000DF973}.Release|x86.Build.0 = Release|Win32
		{CBAB4C60-AC5B-4ED5-AC2D-8DCA9D8AEAF2}.Debug|Any CPU.ActiveCfg = Debug|Win32
		{CBAB4C60-AC5B-4ED5-AC2D-8DCA9D8AEAF2}.Debug|Any CPU.Build.0 = Debug|Win32
		{CBAB4C60-AC5B-4ED5-AC2D-8DCA9D8AEAF2}.Debug|x64.ActiveCfg = Debug|x64
		{CBAB4C60-AC5B-4ED5-AC2D-8DCA9D8AEAF2}.Debug|x64.Build.0 = Debug|x64
		{CBAB4C60-AC5B-4ED5-AC2D-8DCA9D8AEAF2}.Debug|x86.ActiveCfg = Debug|Win32
		{CBAB4C60-AC5B-4ED5-AC2D-8DCA9D8AEAF2}.Debug|x86.Build.0 = Debug|Win32
		{CBAB4C60-AC5B-4ED5-AC2D-8DCA9D8AEAF2}.Release|Any CPU.ActiveCfg = Release|Win32
		{CBAB4C60-AC5B-4ED5-AC2D-8DCA9D8AEAF2}.Release|x64.ActiveCfg = Release|x64
		{CBAB4C60-AC5B-4ED5-AC2D-8DCA9D8AEAF2}.Release|x64.Build.0 = Release|x64
		{CBAB4C60-AC5B-4ED5-AC2D-8DCA9D8AEAF2}.Release|x86.ActiveCfg = Release|Win32
		{CBAB4C60-AC5B-4ED5-AC2D-8DCA9D8AEAF2}.Release|x86.Build.0 = Release|Win32
		{A5212E06-3228-4324-B656-8D11A9733BC0}.Debug|Any CPU.ActiveCfg = Debug|Win32
		{A5212E06-3228-4324-B656-8D11A9733BC0}.Debug|Any CPU.Build.0 = Debug|Win32
		{A5212E06-3228-4324-B656-8D11A9733BC0}.Debug|x64.ActiveCfg = Debug|x64
		{A5212E06-3228-4324-B656-8D11A9733BC0}.Debug|x64.Build.0 = Debug|x64
		{A5212E06-3228-4324-B656-8D11A9733BC0}.Debug|x86.ActiveCfg = Debug|Win32
		{A5212E06-3228-4324-B656-8D11A9733BC0}.Debug|x86.Build.0 = Debug|Win32
		{A5212E06-3228-4324-B656-8D11A9733BC0}.Release|Any CPU.ActiveCfg = Release|Win32
		{A5212E06-3228-4324-B656-8D11A9733BC0}.Release|x64.ActiveCfg = Release|x64
		{A5212E06-3228-4324-B656-8D11A9733BC0}.Release|x64.Build.0 = Release|x64
		{A5212E06-3228-4324-B656-8D11A9733BC0}.Release|x86.ActiveCfg = Release|Win32
		{A5212E06-3228-4324-B656-8D11A9733BC0}.Release|x86.Build.0 = Release|Win32
		{C87427CC-AFA7-4E57-8561-1909C16C27D3}.Debug|Any CPU.ActiveCfg = Debug|Win32
		{C87427CC-AFA7-4E57-8561-1909C16C27D3}.Debug|Any CPU.Build.0 = Debug|Win32
		{C87427CC-AFA7-4E57-8561-1909C16C27D3}.Debug|x64.ActiveCfg = Debug|x64
		{C87427CC-AFA7-4E57-8561-1909C16C27D3}.Debug|x64.Build.0 = Debug|x64
		{C87427CC-AFA7-4E57-8561-1909C16C27D3}.Debug|x86.ActiveCfg = Debug|Win32
		{C87427CC-AFA7-4E57-8561-1909C16C27D3}.Debug|x86.Build.0 = Debug|Win32
		{C87427CC-AFA7-4E57-8561-1909C16C27D3}.Release|Any CPU.ActiveCfg = Release|Win32
		{C87427CC-AFA7-4E57-8561-1909C16C27D3}.Release|x64.ActiveCfg = Release|x64
		{C87427CC-AFA7-4E57-8561-1909C16C27D3}.Release|x64.Build.0 = Release|x64
		{C87427CC-AFA7-4E57-8561-1909C16C27D3}.Release|x86.ActiveCfg = Release|Win32
		{C87427CC-AFA7-4E57-8561-1909C16C27D3}.Release|x86.Build.0 = Release|Win32
		{E18ADEA9-5F3D-434C-8661-5FC02FE7DD0F}.Debug|Any CPU.ActiveCfg = Debug|Win32
		{E18ADEA9-5F3D-434C-8661-5FC02FE7DD0F}.Debug|Any CPU.Build.0 = Debug|Win32
		{E18ADEA9-5F3D-434C-8661-5FC02FE7DD0F}.Debug|x64.ActiveCfg = Debug|x64
		{E18ADEA9-5F3D-434C-8661-5FC02FE7DD0F}.Debug|x64.Build.0 = Debug|x64
		{E18ADEA9-5F3D-434C-8661-5FC02FE7DD0F}.Debug|x86.ActiveCfg = Debug|Win32
		{E18ADEA9-5F3D-434C-8661-5FC02FE7DD0F}.Debug|x86.Build.0 = Debug|Win32
		{E18ADEA9-5F3D-434C-8661-5FC02FE7DD0F}.Release|Any CPU.ActiveCfg = Release|Win32
		{E18ADEA9-5F3D-434C-8661-5FC02FE7DD0F}.Release|x64.ActiveCfg = Release|x64
		{E18ADEA9-5F3D-434C-8661-5FC02FE7DD0F}.Release|x64.Build.0 = Release|x64
		{E18ADEA9-5F3D-434C-8661-5FC02FE7DD0F}.Release|x86.ActiveCfg = Release|Win32
		{E18ADEA9-5F3D-434C-8661-5FC02FE7DD0F}.Release|x86.Build.0 = Release|Win32
		{B93D4FF1-67BE-4327-8535-7DFD889134F8}.Debug|Any CPU.ActiveCfg = Debug|Win32
		{B93D4FF1-67BE-4327-8535-7DFD889134F8}.Debug|Any CPU.Build.0 = Debug|Win32
		{B93D4FF1-67BE-4327-8535-7DFD889134F8}.Debug|x64.ActiveCfg = Debug|x64
		{B93D4FF1-67BE-4327-8535-7DFD889134F8}.Debug|x64.Build.0 = Debug|x64
		{B93D4FF1-67BE-4327-8535-7DFD889134F8}.Debug|x86.ActiveCfg = Debug|Win32
		{B93D4FF1-67BE-4327-8535-7DFD889134F8}.Debug|x86.Build.0 = Debug|Win32
		{B93D4FF1-67BE-4327-8535-7DFD889134F8}.Release|Any CPU.ActiveCfg = Release|Win32
		{B93D4FF1-67BE-4327-8535-7DFD889134F8}.Release|x64.ActiveCfg = Release|x64
		{B93D4FF1-67BE-4327-8535-7DFD889134F8}.Release|x64.Build.0 = Release|x64
		{B93D4FF1-67BE-4327-8535-7DFD889134F8}.Release|x86.ActiveCfg = Release|Win32
		{B93D4FF1-67BE-4327-8535-7DFD889134F8}.Release|x86.Build.0 = Release|Win32
		{FB20E4DF-1C14-4264-8938-5D82FCEFFA49}.Debug|Any CPU.ActiveCfg = Debug|Any CPU
		{FB20E4DF-1C14-4264-8938-5D82FCEFFA49}.Debug|Any CPU.Build.0 = Debug|Any CPU
		{FB20E4DF-1C14-4264-8938-5D82FCEFFA49}.Debug|x64.ActiveCfg = Debug|Any CPU
		{FB20E4DF-1C14-4264-8938-5D82FCEFFA49}.Debug|x64.Build.0 = Debug|Any CPU
		{FB20E4DF-1C14-4264-8938-5D82FCEFFA49}.Debug|x86.ActiveCfg = Debug|Any CPU
		{FB20E4DF-1C14-4264-8938-5D82FCEFFA49}.Debug|x86.Build.0 = Debug|Any CPU
		{FB20E4DF-1C14-4264-8938-5D82FCEFFA49}.Release|Any CPU.ActiveCfg = Release|Any CPU
		{FB20E4DF-1C14-4264-8938-5D82FCEFFA49}.Release|Any CPU.Build.0 = Release|Any CPU
		{FB20E4DF-1C14-4264-8938-5D82FCEFFA49}.Release|x64.ActiveCfg = Release|Any CPU
		{FB20E4DF-1C14-4264-8938-5D82FCEFFA49}.Release|x64.Build.0 = Release|Any CPU
		{FB20E4DF-1C14-4264-8938-5D82FCEFFA49}.Release|x86.ActiveCfg = Release|Any CPU
		{FB20E4DF-1C14-4264-8938-5D82FCEFFA49}.Release|x86.Build.0 = Release|Any CPU
		{2515C922-BD2E-4C51-911A-23EC5B408443}.Debug|Any CPU.ActiveCfg = Debug|Any CPU
		{2515C922-BD2E-4C51-911A-23EC5B408443}.Debug|Any CPU.Build.0 = Debug|Any CPU
		{2515C922-BD2E-4C51-911A-23EC5B408443}.Debug|x64.ActiveCfg = Debug|Any CPU
		{2515C922-BD2E-4C51-911A-23EC5B408443}.Debug|x64.Build.0 = Debug|Any CPU
		{2515C922-BD2E-4C51-911A-23EC5B408443}.Debug|x86.ActiveCfg = Debug|Any CPU
		{2515C922-BD2E-4C51-911A-23EC5B408443}.Debug|x86.Build.0 = Debug|Any CPU
		{2515C922-BD2E-4C51-911A-23EC5B408443}.Release|Any CPU.ActiveCfg = Release|Any CPU
		{2515C922-BD2E-4C51-911A-23EC5B408443}.Release|Any CPU.Build.0 = Release|Any CPU
		{2515C922-BD2E-4C51-911A-23EC5B408443}.Release|x64.ActiveCfg = Release|Any CPU
		{2515C922-BD2E-4C51-911A-23EC5B408443}.Release|x64.Build.0 = Release|Any CPU
		{2515C922-BD2E-4C51-911A-23EC5B408443}.Release|x86.ActiveCfg = Release|Any CPU
		{2515C922-BD2E-4C51-911A-23EC5B408443}.Release|x86.Build.0 = Release|Any CPU
		{73AA9DFB-55E0-4D0A-A865-537F66926380}.Debug|Any CPU.ActiveCfg = Debug|Any CPU
		{73AA9DFB-55E0-4D0A-A865-537F66926380}.Debug|Any CPU.Build.0 = Debug|Any CPU
		{73AA9DFB-55E0-4D0A-A865-537F66926380}.Debug|x64.ActiveCfg = Debug|Any CPU
		{73AA9DFB-55E0-4D0A-A865-537F66926380}.Debug|x64.Build.0 = Debug|Any CPU
		{73AA9DFB-55E0-4D0A-A865-537F66926380}.Debug|x86.ActiveCfg = Debug|Any CPU
		{73AA9DFB-55E0-4D0A-A865-537F66926380}.Debug|x86.Build.0 = Debug|Any CPU
		{73AA9DFB-55E0-4D0A-A865-537F66926380}.Release|Any CPU.ActiveCfg = Release|Any CPU
		{73AA9DFB-55E0-4D0A-A865-537F66926380}.Release|Any CPU.Build.0 = Release|Any CPU
		{73AA9DFB-55E0-4D0A-A865-537F66926380}.Release|x64.ActiveCfg = Release|Any CPU
		{73AA9DFB-55E0-4D0A-A865-537F66926380}.Release|x64.Build.0 = Release|Any CPU
		{73AA9DFB-55E0-4D0A-A865-537F66926380}.Release|x86.ActiveCfg = Release|Any CPU
		{73AA9DFB-55E0-4D0A-A865-537F66926380}.Release|x86.Build.0 = Release|Any CPU
		{3D9F5574-AE48-480F-B55B-58CAF498554B}.Debug|Any CPU.ActiveCfg = Debug|Any CPU
		{3D9F5574-AE48-480F-B55B-58CAF498554B}.Debug|Any CPU.Build.0 = Debug|Any CPU
		{3D9F5574-AE48-480F-B55B-58CAF498554B}.Debug|x64.ActiveCfg = Debug|Any CPU
		{3D9F5574-AE48-480F-B55B-58CAF498554B}.Debug|x64.Build.0 = Debug|Any CPU
		{3D9F5574-AE48-480F-B55B-58CAF498554B}.Debug|x86.ActiveCfg = Debug|Any CPU
		{3D9F5574-AE48-480F-B55B-58CAF498554B}.Debug|x86.Build.0 = Debug|Any CPU
		{3D9F5574-AE48-480F-B55B-58CAF498554B}.Release|Any CPU.ActiveCfg = Release|Any CPU
		{3D9F5574-AE48-480F-B55B-58CAF498554B}.Release|Any CPU.Build.0 = Release|Any CPU
		{3D9F5574-AE48-480F-B55B-58CAF498554B}.Release|x64.ActiveCfg = Release|Any CPU
		{3D9F5574-AE48-480F-B55B-58CAF498554B}.Release|x64.Build.0 = Release|Any CPU
		{3D9F5574-AE48-480F-B55B-58CAF498554B}.Release|x86.ActiveCfg = Release|Any CPU
		{3D9F5574-AE48-480F-B55B-58CAF498554B}.Release|x86.Build.0 = Release|Any CPU
		{7C7135E1-46AF-4DB2-AD81-972FB6D52FAD}.Debug|Any CPU.ActiveCfg = Debug|Any CPU
		{7C7135E1-46AF-4DB2-AD81-972FB6D52FAD}.Debug|Any CPU.Build.0 = Debug|Any CPU
		{7C7135E1-46AF-4DB2-AD81-972FB6D52FAD}.Debug|x64.ActiveCfg = Debug|Any CPU
		{7C7135E1-46AF-4DB2-AD81-972FB6D52FAD}.Debug|x64.Build.0 = Debug|Any CPU
		{7C7135E1-46AF-4DB2-AD81-972FB6D52FAD}.Debug|x86.ActiveCfg = Debug|Any CPU
		{7C7135E1-46AF-4DB2-AD81-972FB6D52FAD}.Debug|x86.Build.0 = Debug|Any CPU
		{7C7135E1-46AF-4DB2-AD81-972FB6D52FAD}.Release|Any CPU.ActiveCfg = Release|Any CPU
		{7C7135E1-46AF-4DB2-AD81-972FB6D52FAD}.Release|Any CPU.Build.0 = Release|Any CPU
		{7C7135E1-46AF-4DB2-AD81-972FB6D52FAD}.Release|x64.ActiveCfg = Release|Any CPU
		{7C7135E1-46AF-4DB2-AD81-972FB6D52FAD}.Release|x64.Build.0 = Release|Any CPU
		{7C7135E1-46AF-4DB2-AD81-972FB6D52FAD}.Release|x86.ActiveCfg = Release|Any CPU
		{7C7135E1-46AF-4DB2-AD81-972FB6D52FAD}.Release|x86.Build.0 = Release|Any CPU
		{A5CD91E9-1160-4ED2-8E42-C1E28F60714B}.Debug|Any CPU.ActiveCfg = Debug|Any CPU
		{A5CD91E9-1160-4ED2-8E42-C1E28F60714B}.Debug|Any CPU.Build.0 = Debug|Any CPU
		{A5CD91E9-1160-4ED2-8E42-C1E28F60714B}.Debug|x64.ActiveCfg = Debug|Any CPU
		{A5CD91E9-1160-4ED2-8E42-C1E28F60714B}.Debug|x64.Build.0 = Debug|Any CPU
		{A5CD91E9-1160-4ED2-8E42-C1E28F60714B}.Debug|x86.ActiveCfg = Debug|Any CPU
		{A5CD91E9-1160-4ED2-8E42-C1E28F60714B}.Debug|x86.Build.0 = Debug|Any CPU
		{A5CD91E9-1160-4ED2-8E42-C1E28F60714B}.Release|Any CPU.ActiveCfg = Release|Any CPU
		{A5CD91E9-1160-4ED2-8E42-C1E28F60714B}.Release|Any CPU.Build.0 = Release|Any CPU
		{A5CD91E9-1160-4ED2-8E42-C1E28F60714B}.Release|x64.ActiveCfg = Release|Any CPU
		{A5CD91E9-1160-4ED2-8E42-C1E28F60714B}.Release|x64.Build.0 = Release|Any CPU
		{A5CD91E9-1160-4ED2-8E42-C1E28F60714B}.Release|x86.ActiveCfg = Release|Any CPU
		{A5CD91E9-1160-4ED2-8E42-C1E28F60714B}.Release|x86.Build.0 = Release|Any CPU
		{670656FA-5371-454D-96C7-D934CCDDE17F}.Debug|Any CPU.ActiveCfg = Debug|Any CPU
		{670656FA-5371-454D-96C7-D934CCDDE17F}.Debug|Any CPU.Build.0 = Debug|Any CPU
		{670656FA-5371-454D-96C7-D934CCDDE17F}.Debug|x64.ActiveCfg = Debug|Any CPU
		{670656FA-5371-454D-96C7-D934CCDDE17F}.Debug|x64.Build.0 = Debug|Any CPU
		{670656FA-5371-454D-96C7-D934CCDDE17F}.Debug|x86.ActiveCfg = Debug|Any CPU
		{670656FA-5371-454D-96C7-D934CCDDE17F}.Debug|x86.Build.0 = Debug|Any CPU
		{670656FA-5371-454D-96C7-D934CCDDE17F}.Release|Any CPU.ActiveCfg = Release|Any CPU
		{670656FA-5371-454D-96C7-D934CCDDE17F}.Release|Any CPU.Build.0 = Release|Any CPU
		{670656FA-5371-454D-96C7-D934CCDDE17F}.Release|x64.ActiveCfg = Release|Any CPU
		{670656FA-5371-454D-96C7-D934CCDDE17F}.Release|x64.Build.0 = Release|Any CPU
		{670656FA-5371-454D-96C7-D934CCDDE17F}.Release|x86.ActiveCfg = Release|Any CPU
		{670656FA-5371-454D-96C7-D934CCDDE17F}.Release|x86.Build.0 = Release|Any CPU
		{CF6A9AD7-27D1-46BA-BE00-0F6DDBBD64DD}.Debug|Any CPU.ActiveCfg = Debug|Any CPU
		{CF6A9AD7-27D1-46BA-BE00-0F6DDBBD64DD}.Debug|Any CPU.Build.0 = Debug|Any CPU
		{CF6A9AD7-27D1-46BA-BE00-0F6DDBBD64DD}.Debug|x64.ActiveCfg = Debug|Any CPU
		{CF6A9AD7-27D1-46BA-BE00-0F6DDBBD64DD}.Debug|x64.Build.0 = Debug|Any CPU
		{CF6A9AD7-27D1-46BA-BE00-0F6DDBBD64DD}.Debug|x86.ActiveCfg = Debug|Any CPU
		{CF6A9AD7-27D1-46BA-BE00-0F6DDBBD64DD}.Debug|x86.Build.0 = Debug|Any CPU
		{CF6A9AD7-27D1-46BA-BE00-0F6DDBBD64DD}.Release|Any CPU.ActiveCfg = Release|Any CPU
		{CF6A9AD7-27D1-46BA-BE00-0F6DDBBD64DD}.Release|Any CPU.Build.0 = Release|Any CPU
		{CF6A9AD7-27D1-46BA-BE00-0F6DDBBD64DD}.Release|x64.ActiveCfg = Release|Any CPU
		{CF6A9AD7-27D1-46BA-BE00-0F6DDBBD64DD}.Release|x64.Build.0 = Release|Any CPU
		{CF6A9AD7-27D1-46BA-BE00-0F6DDBBD64DD}.Release|x86.ActiveCfg = Release|Any CPU
		{CF6A9AD7-27D1-46BA-BE00-0F6DDBBD64DD}.Release|x86.Build.0 = Release|Any CPU
		{1005ADBA-A813-47D1-B502-F474C3180031}.Debug|Any CPU.ActiveCfg = Debug|Any CPU
		{1005ADBA-A813-47D1-B502-F474C3180031}.Debug|Any CPU.Build.0 = Debug|Any CPU
		{1005ADBA-A813-47D1-B502-F474C3180031}.Debug|x64.ActiveCfg = Debug|Any CPU
		{1005ADBA-A813-47D1-B502-F474C3180031}.Debug|x64.Build.0 = Debug|Any CPU
		{1005ADBA-A813-47D1-B502-F474C3180031}.Debug|x86.ActiveCfg = Debug|Any CPU
		{1005ADBA-A813-47D1-B502-F474C3180031}.Debug|x86.Build.0 = Debug|Any CPU
		{1005ADBA-A813-47D1-B502-F474C3180031}.Release|Any CPU.ActiveCfg = Release|Any CPU
		{1005ADBA-A813-47D1-B502-F474C3180031}.Release|Any CPU.Build.0 = Release|Any CPU
		{1005ADBA-A813-47D1-B502-F474C3180031}.Release|x64.ActiveCfg = Release|Any CPU
		{1005ADBA-A813-47D1-B502-F474C3180031}.Release|x64.Build.0 = Release|Any CPU
		{1005ADBA-A813-47D1-B502-F474C3180031}.Release|x86.ActiveCfg = Release|Any CPU
		{1005ADBA-A813-47D1-B502-F474C3180031}.Release|x86.Build.0 = Release|Any CPU
		{3E3FC67E-0866-4372-84C8-54673F94AF8D}.Debug|Any CPU.ActiveCfg = Debug|Any CPU
		{3E3FC67E-0866-4372-84C8-54673F94AF8D}.Debug|Any CPU.Build.0 = Debug|Any CPU
		{3E3FC67E-0866-4372-84C8-54673F94AF8D}.Debug|x64.ActiveCfg = Debug|Any CPU
		{3E3FC67E-0866-4372-84C8-54673F94AF8D}.Debug|x64.Build.0 = Debug|Any CPU
		{3E3FC67E-0866-4372-84C8-54673F94AF8D}.Debug|x86.ActiveCfg = Debug|Any CPU
		{3E3FC67E-0866-4372-84C8-54673F94AF8D}.Debug|x86.Build.0 = Debug|Any CPU
		{3E3FC67E-0866-4372-84C8-54673F94AF8D}.Release|Any CPU.ActiveCfg = Release|Any CPU
		{3E3FC67E-0866-4372-84C8-54673F94AF8D}.Release|Any CPU.Build.0 = Release|Any CPU
		{3E3FC67E-0866-4372-84C8-54673F94AF8D}.Release|x64.ActiveCfg = Release|Any CPU
		{3E3FC67E-0866-4372-84C8-54673F94AF8D}.Release|x64.Build.0 = Release|Any CPU
		{3E3FC67E-0866-4372-84C8-54673F94AF8D}.Release|x86.ActiveCfg = Release|Any CPU
		{3E3FC67E-0866-4372-84C8-54673F94AF8D}.Release|x86.Build.0 = Release|Any CPU
		{3FE57EF4-D327-465F-AD17-AC41E586F458}.Debug|Any CPU.ActiveCfg = Debug|Win32
		{3FE57EF4-D327-465F-AD17-AC41E586F458}.Debug|Any CPU.Build.0 = Debug|Win32
		{3FE57EF4-D327-465F-AD17-AC41E586F458}.Debug|x64.ActiveCfg = Debug|x64
		{3FE57EF4-D327-465F-AD17-AC41E586F458}.Debug|x64.Build.0 = Debug|x64
		{3FE57EF4-D327-465F-AD17-AC41E586F458}.Debug|x64.Deploy.0 = Debug|x64
		{3FE57EF4-D327-465F-AD17-AC41E586F458}.Debug|x86.ActiveCfg = Debug|Win32
		{3FE57EF4-D327-465F-AD17-AC41E586F458}.Debug|x86.Build.0 = Debug|Win32
		{3FE57EF4-D327-465F-AD17-AC41E586F458}.Release|Any CPU.ActiveCfg = Release|Win32
		{3FE57EF4-D327-465F-AD17-AC41E586F458}.Release|x64.ActiveCfg = Release|x64
		{3FE57EF4-D327-465F-AD17-AC41E586F458}.Release|x64.Build.0 = Release|x64
		{3FE57EF4-D327-465F-AD17-AC41E586F458}.Release|x86.ActiveCfg = Release|Win32
		{3FE57EF4-D327-465F-AD17-AC41E586F458}.Release|x86.Build.0 = Release|Win32
		{0326800C-27B0-4436-B7E2-10ACAA6B7BB1}.Debug|Any CPU.ActiveCfg = Debug|Any CPU
		{0326800C-27B0-4436-B7E2-10ACAA6B7BB1}.Debug|Any CPU.Build.0 = Debug|Any CPU
		{0326800C-27B0-4436-B7E2-10ACAA6B7BB1}.Debug|x64.ActiveCfg = Debug|Any CPU
		{0326800C-27B0-4436-B7E2-10ACAA6B7BB1}.Debug|x64.Build.0 = Debug|Any CPU
		{0326800C-27B0-4436-B7E2-10ACAA6B7BB1}.Debug|x86.ActiveCfg = Debug|Any CPU
		{0326800C-27B0-4436-B7E2-10ACAA6B7BB1}.Debug|x86.Build.0 = Debug|Any CPU
		{0326800C-27B0-4436-B7E2-10ACAA6B7BB1}.Release|Any CPU.ActiveCfg = Release|Any CPU
		{0326800C-27B0-4436-B7E2-10ACAA6B7BB1}.Release|Any CPU.Build.0 = Release|Any CPU
		{0326800C-27B0-4436-B7E2-10ACAA6B7BB1}.Release|x64.ActiveCfg = Release|Any CPU
		{0326800C-27B0-4436-B7E2-10ACAA6B7BB1}.Release|x64.Build.0 = Release|Any CPU
		{0326800C-27B0-4436-B7E2-10ACAA6B7BB1}.Release|x86.ActiveCfg = Release|Any CPU
		{0326800C-27B0-4436-B7E2-10ACAA6B7BB1}.Release|x86.Build.0 = Release|Any CPU
		{B4C62DC6-404A-4C96-8D78-A22409E00229}.Debug|Any CPU.ActiveCfg = Debug|Any CPU
		{B4C62DC6-404A-4C96-8D78-A22409E00229}.Debug|Any CPU.Build.0 = Debug|Any CPU
		{B4C62DC6-404A-4C96-8D78-A22409E00229}.Debug|x64.ActiveCfg = Debug|Any CPU
		{B4C62DC6-404A-4C96-8D78-A22409E00229}.Debug|x64.Build.0 = Debug|Any CPU
		{B4C62DC6-404A-4C96-8D78-A22409E00229}.Debug|x86.ActiveCfg = Debug|Any CPU
		{B4C62DC6-404A-4C96-8D78-A22409E00229}.Debug|x86.Build.0 = Debug|Any CPU
		{B4C62DC6-404A-4C96-8D78-A22409E00229}.Release|Any CPU.ActiveCfg = Release|Any CPU
		{B4C62DC6-404A-4C96-8D78-A22409E00229}.Release|Any CPU.Build.0 = Release|Any CPU
		{B4C62DC6-404A-4C96-8D78-A22409E00229}.Release|x64.ActiveCfg = Release|Any CPU
		{B4C62DC6-404A-4C96-8D78-A22409E00229}.Release|x64.Build.0 = Release|Any CPU
		{B4C62DC6-404A-4C96-8D78-A22409E00229}.Release|x86.ActiveCfg = Release|Any CPU
		{B4C62DC6-404A-4C96-8D78-A22409E00229}.Release|x86.Build.0 = Release|Any CPU
		{4D228883-9B75-483F-B5F0-5707C9DFE488}.Debug|Any CPU.ActiveCfg = Debug|Win32
		{4D228883-9B75-483F-B5F0-5707C9DFE488}.Debug|x64.ActiveCfg = Debug|x64
		{4D228883-9B75-483F-B5F0-5707C9DFE488}.Debug|x64.Build.0 = Debug|x64
		{4D228883-9B75-483F-B5F0-5707C9DFE488}.Debug|x86.ActiveCfg = Debug|Win32
		{4D228883-9B75-483F-B5F0-5707C9DFE488}.Debug|x86.Build.0 = Debug|Win32
		{4D228883-9B75-483F-B5F0-5707C9DFE488}.Release|Any CPU.ActiveCfg = Release|Win32
		{4D228883-9B75-483F-B5F0-5707C9DFE488}.Release|x64.ActiveCfg = Release|x64
		{4D228883-9B75-483F-B5F0-5707C9DFE488}.Release|x64.Build.0 = Release|x64
		{4D228883-9B75-483F-B5F0-5707C9DFE488}.Release|x86.ActiveCfg = Release|Win32
		{4D228883-9B75-483F-B5F0-5707C9DFE488}.Release|x86.Build.0 = Release|Win32
	EndGlobalSection
	GlobalSection(SolutionProperties) = preSolution
		HideSolutionNode = FALSE
	EndGlobalSection
EndGlobal
